// !$*UTF8*$!
{
	archiveVersion = 1;
	classes = {
	};
	objectVersion = 46;
	objects = {

/* Begin PBXBuildFile section */
		030ADD59207491CF00AA6FF0 /* ProgramSelector.swift in Sources */ = {isa = PBXBuildFile; fileRef = 031B64D02074769500D3A0EA /* ProgramSelector.swift */; };
		030ADD5A207491DE00AA6FF0 /* Mandala.swift in Sources */ = {isa = PBXBuildFile; fileRef = 031B64B02074769400D3A0EA /* Mandala.swift */; };
		030ADD5B207491DE00AA6FF0 /* SwiftLesson1Page1.swift in Sources */ = {isa = PBXBuildFile; fileRef = 031B64B12074769400D3A0EA /* SwiftLesson1Page1.swift */; };
		030ADD5C207491DE00AA6FF0 /* SwiftLesson1Page3.swift in Sources */ = {isa = PBXBuildFile; fileRef = 031B64B22074769400D3A0EA /* SwiftLesson1Page3.swift */; };
		030ADD5D207491DE00AA6FF0 /* Pebbles.swift in Sources */ = {isa = PBXBuildFile; fileRef = 031B64B32074769400D3A0EA /* Pebbles.swift */; };
		030ADD5E207491DE00AA6FF0 /* TheDrip.swift in Sources */ = {isa = PBXBuildFile; fileRef = 031B64B42074769400D3A0EA /* TheDrip.swift */; };
		030ADD5F207491DE00AA6FF0 /* Gravel.swift in Sources */ = {isa = PBXBuildFile; fileRef = 031B64B52074769400D3A0EA /* Gravel.swift */; };
		030ADD60207491DE00AA6FF0 /* SwiftLesson1Page2.swift in Sources */ = {isa = PBXBuildFile; fileRef = 031B64B62074769400D3A0EA /* SwiftLesson1Page2.swift */; };
		030ADD61207491DE00AA6FF0 /* Whirlwind.swift in Sources */ = {isa = PBXBuildFile; fileRef = 031B64C32074769400D3A0EA /* Whirlwind.swift */; };
		030ADD62207491DE00AA6FF0 /* Rectangles.swift in Sources */ = {isa = PBXBuildFile; fileRef = 031B64C42074769400D3A0EA /* Rectangles.swift */; };
		030ADD63207491DE00AA6FF0 /* RainingHearts.swift in Sources */ = {isa = PBXBuildFile; fileRef = 031B64C52074769400D3A0EA /* RainingHearts.swift */; };
		030ADD64207491DE00AA6FF0 /* SwiftLesson.swift in Sources */ = {isa = PBXBuildFile; fileRef = 031B64C62074769400D3A0EA /* SwiftLesson.swift */; };
		030ADD65207491DE00AA6FF0 /* SargonChessboard.swift in Sources */ = {isa = PBXBuildFile; fileRef = 031B64C72074769400D3A0EA /* SargonChessboard.swift */; };
		030ADD66207491DE00AA6FF0 /* Ball.swift in Sources */ = {isa = PBXBuildFile; fileRef = 031B64C82074769400D3A0EA /* Ball.swift */; };
		030ADD67207491DE00AA6FF0 /* Sparkler.swift in Sources */ = {isa = PBXBuildFile; fileRef = 031B64C92074769400D3A0EA /* Sparkler.swift */; };
		030ADD68207491DE00AA6FF0 /* HelloPixel.swift in Sources */ = {isa = PBXBuildFile; fileRef = 031B64CA2074769500D3A0EA /* HelloPixel.swift */; };
		030ADD69207491DE00AA6FF0 /* Move.swift in Sources */ = {isa = PBXBuildFile; fileRef = 031B64CB2074769500D3A0EA /* Move.swift */; };
		030ADD6A207491DE00AA6FF0 /* Mushroom.swift in Sources */ = {isa = PBXBuildFile; fileRef = 031B64CC2074769500D3A0EA /* Mushroom.swift */; };
		030ADD6B207491DE00AA6FF0 /* EmptyProgram.swift in Sources */ = {isa = PBXBuildFile; fileRef = 031B64CD2074769500D3A0EA /* EmptyProgram.swift */; };
		030ADD6C207491DE00AA6FF0 /* DotsAndLines.swift in Sources */ = {isa = PBXBuildFile; fileRef = 031B64CE2074769500D3A0EA /* DotsAndLines.swift */; };
		030ADD6D2074920400AA6FF0 /* Images.xcassets in Resources */ = {isa = PBXBuildFile; fileRef = 031B64CF2074769500D3A0EA /* Images.xcassets */; };
		031B64D12074769500D3A0EA /* Mandala.swift in Sources */ = {isa = PBXBuildFile; fileRef = 031B64B02074769400D3A0EA /* Mandala.swift */; };
		031B64D22074769500D3A0EA /* SwiftLesson1Page1.swift in Sources */ = {isa = PBXBuildFile; fileRef = 031B64B12074769400D3A0EA /* SwiftLesson1Page1.swift */; };
		031B64D32074769500D3A0EA /* SwiftLesson1Page3.swift in Sources */ = {isa = PBXBuildFile; fileRef = 031B64B22074769400D3A0EA /* SwiftLesson1Page3.swift */; };
		031B64D42074769500D3A0EA /* Pebbles.swift in Sources */ = {isa = PBXBuildFile; fileRef = 031B64B32074769400D3A0EA /* Pebbles.swift */; };
		031B64D52074769500D3A0EA /* TheDrip.swift in Sources */ = {isa = PBXBuildFile; fileRef = 031B64B42074769400D3A0EA /* TheDrip.swift */; };
		031B64D62074769500D3A0EA /* Gravel.swift in Sources */ = {isa = PBXBuildFile; fileRef = 031B64B52074769400D3A0EA /* Gravel.swift */; };
		031B64D72074769500D3A0EA /* SwiftLesson1Page2.swift in Sources */ = {isa = PBXBuildFile; fileRef = 031B64B62074769400D3A0EA /* SwiftLesson1Page2.swift */; };
		031B64E32074769500D3A0EA /* Whirlwind.swift in Sources */ = {isa = PBXBuildFile; fileRef = 031B64C32074769400D3A0EA /* Whirlwind.swift */; };
		031B64E42074769500D3A0EA /* Rectangles.swift in Sources */ = {isa = PBXBuildFile; fileRef = 031B64C42074769400D3A0EA /* Rectangles.swift */; };
		031B64E52074769500D3A0EA /* RainingHearts.swift in Sources */ = {isa = PBXBuildFile; fileRef = 031B64C52074769400D3A0EA /* RainingHearts.swift */; };
		031B64E62074769500D3A0EA /* SwiftLesson.swift in Sources */ = {isa = PBXBuildFile; fileRef = 031B64C62074769400D3A0EA /* SwiftLesson.swift */; };
		031B64E72074769500D3A0EA /* SargonChessboard.swift in Sources */ = {isa = PBXBuildFile; fileRef = 031B64C72074769400D3A0EA /* SargonChessboard.swift */; };
		031B64E82074769500D3A0EA /* Ball.swift in Sources */ = {isa = PBXBuildFile; fileRef = 031B64C82074769400D3A0EA /* Ball.swift */; };
		031B64E92074769500D3A0EA /* Sparkler.swift in Sources */ = {isa = PBXBuildFile; fileRef = 031B64C92074769400D3A0EA /* Sparkler.swift */; };
		031B64EA2074769500D3A0EA /* HelloPixel.swift in Sources */ = {isa = PBXBuildFile; fileRef = 031B64CA2074769500D3A0EA /* HelloPixel.swift */; };
		031B64EB2074769500D3A0EA /* Move.swift in Sources */ = {isa = PBXBuildFile; fileRef = 031B64CB2074769500D3A0EA /* Move.swift */; };
		031B64EC2074769500D3A0EA /* Mushroom.swift in Sources */ = {isa = PBXBuildFile; fileRef = 031B64CC2074769500D3A0EA /* Mushroom.swift */; };
		031B64ED2074769500D3A0EA /* EmptyProgram.swift in Sources */ = {isa = PBXBuildFile; fileRef = 031B64CD2074769500D3A0EA /* EmptyProgram.swift */; };
		031B64EE2074769500D3A0EA /* DotsAndLines.swift in Sources */ = {isa = PBXBuildFile; fileRef = 031B64CE2074769500D3A0EA /* DotsAndLines.swift */; };
		031B64EF2074769500D3A0EA /* Images.xcassets in Resources */ = {isa = PBXBuildFile; fileRef = 031B64CF2074769500D3A0EA /* Images.xcassets */; };
		031B64F02074769500D3A0EA /* ProgramSelector.swift in Sources */ = {isa = PBXBuildFile; fileRef = 031B64D02074769500D3A0EA /* ProgramSelector.swift */; };
		031B64F22074771A00D3A0EA /* AppViewController.swift in Sources */ = {isa = PBXBuildFile; fileRef = 031B64F12074771A00D3A0EA /* AppViewController.swift */; };
		03B9E14920747F7600814E29 /* AppDelegate.swift in Sources */ = {isa = PBXBuildFile; fileRef = 03B9E14820747F7600814E29 /* AppDelegate.swift */; };
		03B9E14B20747F7600814E29 /* AppViewController.swift in Sources */ = {isa = PBXBuildFile; fileRef = 03B9E14A20747F7600814E29 /* AppViewController.swift */; };
		03B9E14D20747F7600814E29 /* Assets.xcassets in Resources */ = {isa = PBXBuildFile; fileRef = 03B9E14C20747F7600814E29 /* Assets.xcassets */; };
		03B9E15020747F7600814E29 /* Main.storyboard in Resources */ = {isa = PBXBuildFile; fileRef = 03B9E14E20747F7600814E29 /* Main.storyboard */; };
		607FACD61AFB9204008FA782 /* AppDelegate.swift in Sources */ = {isa = PBXBuildFile; fileRef = 607FACD51AFB9204008FA782 /* AppDelegate.swift */; };
		607FACDB1AFB9204008FA782 /* Main.storyboard in Resources */ = {isa = PBXBuildFile; fileRef = 607FACD91AFB9204008FA782 /* Main.storyboard */; };
		607FACDD1AFB9204008FA782 /* Images.xcassets in Resources */ = {isa = PBXBuildFile; fileRef = 607FACDC1AFB9204008FA782 /* Images.xcassets */; };
		607FACE01AFB9204008FA782 /* LaunchScreen.xib in Resources */ = {isa = PBXBuildFile; fileRef = 607FACDE1AFB9204008FA782 /* LaunchScreen.xib */; };
		79119C73207852E8009098FD /* AppDelegate.swift in Sources */ = {isa = PBXBuildFile; fileRef = 79119C72207852E8009098FD /* AppDelegate.swift */; };
		79119C75207852E8009098FD /* ViewController.swift in Sources */ = {isa = PBXBuildFile; fileRef = 79119C74207852E8009098FD /* ViewController.swift */; };
		79119C78207852E8009098FD /* Main.storyboard in Resources */ = {isa = PBXBuildFile; fileRef = 79119C76207852E8009098FD /* Main.storyboard */; };
		79119C7A207852EA009098FD /* Assets.xcassets in Resources */ = {isa = PBXBuildFile; fileRef = 79119C79207852EA009098FD /* Assets.xcassets */; };
		79119C7F207863DC009098FD /* ProgramSelector.swift in Sources */ = {isa = PBXBuildFile; fileRef = 031B64D02074769500D3A0EA /* ProgramSelector.swift */; };
		79119C80207863E5009098FD /* Mandala.swift in Sources */ = {isa = PBXBuildFile; fileRef = 031B64B02074769400D3A0EA /* Mandala.swift */; };
		79119C81207863E5009098FD /* HelloPixel.swift in Sources */ = {isa = PBXBuildFile; fileRef = 031B64CA2074769500D3A0EA /* HelloPixel.swift */; };
		79119C82207863E5009098FD /* SwiftLesson1Page1.swift in Sources */ = {isa = PBXBuildFile; fileRef = 031B64B12074769400D3A0EA /* SwiftLesson1Page1.swift */; };
		79119C83207863E5009098FD /* SwiftLesson1Page3.swift in Sources */ = {isa = PBXBuildFile; fileRef = 031B64B22074769400D3A0EA /* SwiftLesson1Page3.swift */; };
		79119C84207863E5009098FD /* Pebbles.swift in Sources */ = {isa = PBXBuildFile; fileRef = 031B64B32074769400D3A0EA /* Pebbles.swift */; };
		79119C85207863E5009098FD /* TheDrip.swift in Sources */ = {isa = PBXBuildFile; fileRef = 031B64B42074769400D3A0EA /* TheDrip.swift */; };
		79119C86207863E5009098FD /* Gravel.swift in Sources */ = {isa = PBXBuildFile; fileRef = 031B64B52074769400D3A0EA /* Gravel.swift */; };
		79119C87207863E5009098FD /* SwiftLesson1Page2.swift in Sources */ = {isa = PBXBuildFile; fileRef = 031B64B62074769400D3A0EA /* SwiftLesson1Page2.swift */; };
		79119C88207863E5009098FD /* Whirlwind.swift in Sources */ = {isa = PBXBuildFile; fileRef = 031B64C32074769400D3A0EA /* Whirlwind.swift */; };
		79119C89207863E5009098FD /* Rectangles.swift in Sources */ = {isa = PBXBuildFile; fileRef = 031B64C42074769400D3A0EA /* Rectangles.swift */; };
		79119C8A207863E5009098FD /* RainingHearts.swift in Sources */ = {isa = PBXBuildFile; fileRef = 031B64C52074769400D3A0EA /* RainingHearts.swift */; };
		79119C8B207863E5009098FD /* SwiftLesson.swift in Sources */ = {isa = PBXBuildFile; fileRef = 031B64C62074769400D3A0EA /* SwiftLesson.swift */; };
		79119C8C207863E5009098FD /* SargonChessboard.swift in Sources */ = {isa = PBXBuildFile; fileRef = 031B64C72074769400D3A0EA /* SargonChessboard.swift */; };
		79119C8D207863E5009098FD /* Ball.swift in Sources */ = {isa = PBXBuildFile; fileRef = 031B64C82074769400D3A0EA /* Ball.swift */; };
		79119C8E207863E5009098FD /* Sparkler.swift in Sources */ = {isa = PBXBuildFile; fileRef = 031B64C92074769400D3A0EA /* Sparkler.swift */; };
		79119C8F207863E5009098FD /* Move.swift in Sources */ = {isa = PBXBuildFile; fileRef = 031B64CB2074769500D3A0EA /* Move.swift */; };
		79119C90207863E5009098FD /* Mushroom.swift in Sources */ = {isa = PBXBuildFile; fileRef = 031B64CC2074769500D3A0EA /* Mushroom.swift */; };
		79119C91207863E5009098FD /* EmptyProgram.swift in Sources */ = {isa = PBXBuildFile; fileRef = 031B64CD2074769500D3A0EA /* EmptyProgram.swift */; };
		79119C92207863E5009098FD /* DotsAndLines.swift in Sources */ = {isa = PBXBuildFile; fileRef = 031B64CE2074769500D3A0EA /* DotsAndLines.swift */; };
		79119C9320786469009098FD /* Images.xcassets in Resources */ = {isa = PBXBuildFile; fileRef = 031B64CF2074769500D3A0EA /* Images.xcassets */; };
		79119C9520794A89009098FD /* Snake.swift in Sources */ = {isa = PBXBuildFile; fileRef = 79119C9420794A89009098FD /* Snake.swift */; };
		79119C9620794A89009098FD /* Snake.swift in Sources */ = {isa = PBXBuildFile; fileRef = 79119C9420794A89009098FD /* Snake.swift */; };
		79119C9720794A89009098FD /* Snake.swift in Sources */ = {isa = PBXBuildFile; fileRef = 79119C9420794A89009098FD /* Snake.swift */; };
		7DA8205058801BF3B94FD879 /* Pods_Lores_Example_iOS.framework in Frameworks */ = {isa = PBXBuildFile; fileRef = D6814133D7ACE7467F424443 /* Pods_Lores_Example_iOS.framework */; };
		86B05F7E43725A9CDC8AB3D7 /* Pods_Lores_Example_macOS.framework in Frameworks */ = {isa = PBXBuildFile; fileRef = DACFDFC72D56334384CA4DDE /* Pods_Lores_Example_macOS.framework */; };
		EE4857C16007A701B52AEF57 /* Pods_Lores_Example_tvOS.framework in Frameworks */ = {isa = PBXBuildFile; fileRef = 7185D45DBD155524BA9645CD /* Pods_Lores_Example_tvOS.framework */; };
/* End PBXBuildFile section */

/* Begin PBXFileReference section */
		031B64B02074769400D3A0EA /* Mandala.swift */ = {isa = PBXFileReference; fileEncoding = 4; lastKnownFileType = sourcecode.swift; path = Mandala.swift; sourceTree = "<group>"; };
		031B64B12074769400D3A0EA /* SwiftLesson1Page1.swift */ = {isa = PBXFileReference; fileEncoding = 4; lastKnownFileType = sourcecode.swift; path = SwiftLesson1Page1.swift; sourceTree = "<group>"; };
		031B64B22074769400D3A0EA /* SwiftLesson1Page3.swift */ = {isa = PBXFileReference; fileEncoding = 4; lastKnownFileType = sourcecode.swift; path = SwiftLesson1Page3.swift; sourceTree = "<group>"; };
		031B64B32074769400D3A0EA /* Pebbles.swift */ = {isa = PBXFileReference; fileEncoding = 4; lastKnownFileType = sourcecode.swift; path = Pebbles.swift; sourceTree = "<group>"; };
		031B64B42074769400D3A0EA /* TheDrip.swift */ = {isa = PBXFileReference; fileEncoding = 4; lastKnownFileType = sourcecode.swift; path = TheDrip.swift; sourceTree = "<group>"; };
		031B64B52074769400D3A0EA /* Gravel.swift */ = {isa = PBXFileReference; fileEncoding = 4; lastKnownFileType = sourcecode.swift; path = Gravel.swift; sourceTree = "<group>"; };
		031B64B62074769400D3A0EA /* SwiftLesson1Page2.swift */ = {isa = PBXFileReference; fileEncoding = 4; lastKnownFileType = sourcecode.swift; path = SwiftLesson1Page2.swift; sourceTree = "<group>"; };
		031B64B82074769400D3A0EA /* Xxx.java */ = {isa = PBXFileReference; fileEncoding = 4; lastKnownFileType = sourcecode.java; path = Xxx.java; sourceTree = "<group>"; };
		031B64B92074769400D3A0EA /* Sierpinski.java */ = {isa = PBXFileReference; fileEncoding = 4; lastKnownFileType = sourcecode.java; path = Sierpinski.java; sourceTree = "<group>"; };
		031B64BA2074769400D3A0EA /* Life.java */ = {isa = PBXFileReference; fileEncoding = 4; lastKnownFileType = sourcecode.java; path = Life.java; sourceTree = "<group>"; };
		031B64BB2074769400D3A0EA /* Lines.java */ = {isa = PBXFileReference; fileEncoding = 4; lastKnownFileType = sourcecode.java; path = Lines.java; sourceTree = "<group>"; };
		031B64BC2074769400D3A0EA /* MultiBounce.java */ = {isa = PBXFileReference; fileEncoding = 4; lastKnownFileType = sourcecode.java; path = MultiBounce.java; sourceTree = "<group>"; };
		031B64BD2074769400D3A0EA /* SlideShow.java */ = {isa = PBXFileReference; fileEncoding = 4; lastKnownFileType = sourcecode.java; path = SlideShow.java; sourceTree = "<group>"; };
		031B64BE2074769400D3A0EA /* Snake.java */ = {isa = PBXFileReference; fileEncoding = 4; lastKnownFileType = sourcecode.java; path = Snake.java; sourceTree = "<group>"; };
		031B64BF2074769400D3A0EA /* Shapes.java */ = {isa = PBXFileReference; fileEncoding = 4; lastKnownFileType = sourcecode.java; path = Shapes.java; sourceTree = "<group>"; };
		031B64C02074769400D3A0EA /* Player.java */ = {isa = PBXFileReference; fileEncoding = 4; lastKnownFileType = sourcecode.java; path = Player.java; sourceTree = "<group>"; };
		031B64C12074769400D3A0EA /* InputTest.java */ = {isa = PBXFileReference; fileEncoding = 4; lastKnownFileType = sourcecode.java; path = InputTest.java; sourceTree = "<group>"; };
		031B64C22074769400D3A0EA /* TicTacToe.java */ = {isa = PBXFileReference; fileEncoding = 4; lastKnownFileType = sourcecode.java; path = TicTacToe.java; sourceTree = "<group>"; };
		031B64C32074769400D3A0EA /* Whirlwind.swift */ = {isa = PBXFileReference; fileEncoding = 4; lastKnownFileType = sourcecode.swift; path = Whirlwind.swift; sourceTree = "<group>"; };
		031B64C42074769400D3A0EA /* Rectangles.swift */ = {isa = PBXFileReference; fileEncoding = 4; lastKnownFileType = sourcecode.swift; path = Rectangles.swift; sourceTree = "<group>"; };
		031B64C52074769400D3A0EA /* RainingHearts.swift */ = {isa = PBXFileReference; fileEncoding = 4; lastKnownFileType = sourcecode.swift; path = RainingHearts.swift; sourceTree = "<group>"; };
		031B64C62074769400D3A0EA /* SwiftLesson.swift */ = {isa = PBXFileReference; fileEncoding = 4; lastKnownFileType = sourcecode.swift; path = SwiftLesson.swift; sourceTree = "<group>"; };
		031B64C72074769400D3A0EA /* SargonChessboard.swift */ = {isa = PBXFileReference; fileEncoding = 4; lastKnownFileType = sourcecode.swift; path = SargonChessboard.swift; sourceTree = "<group>"; };
		031B64C82074769400D3A0EA /* Ball.swift */ = {isa = PBXFileReference; fileEncoding = 4; lastKnownFileType = sourcecode.swift; path = Ball.swift; sourceTree = "<group>"; };
		031B64C92074769400D3A0EA /* Sparkler.swift */ = {isa = PBXFileReference; fileEncoding = 4; lastKnownFileType = sourcecode.swift; path = Sparkler.swift; sourceTree = "<group>"; };
		031B64CA2074769500D3A0EA /* HelloPixel.swift */ = {isa = PBXFileReference; fileEncoding = 4; lastKnownFileType = sourcecode.swift; path = HelloPixel.swift; sourceTree = "<group>"; };
		031B64CB2074769500D3A0EA /* Move.swift */ = {isa = PBXFileReference; fileEncoding = 4; lastKnownFileType = sourcecode.swift; path = Move.swift; sourceTree = "<group>"; };
		031B64CC2074769500D3A0EA /* Mushroom.swift */ = {isa = PBXFileReference; fileEncoding = 4; lastKnownFileType = sourcecode.swift; path = Mushroom.swift; sourceTree = "<group>"; };
		031B64CD2074769500D3A0EA /* EmptyProgram.swift */ = {isa = PBXFileReference; fileEncoding = 4; lastKnownFileType = sourcecode.swift; path = EmptyProgram.swift; sourceTree = "<group>"; };
		031B64CE2074769500D3A0EA /* DotsAndLines.swift */ = {isa = PBXFileReference; fileEncoding = 4; lastKnownFileType = sourcecode.swift; path = DotsAndLines.swift; sourceTree = "<group>"; };
		031B64CF2074769500D3A0EA /* Images.xcassets */ = {isa = PBXFileReference; lastKnownFileType = folder.assetcatalog; path = Images.xcassets; sourceTree = "<group>"; };
		031B64D02074769500D3A0EA /* ProgramSelector.swift */ = {isa = PBXFileReference; fileEncoding = 4; lastKnownFileType = sourcecode.swift; path = ProgramSelector.swift; sourceTree = "<group>"; };
		031B64F12074771A00D3A0EA /* AppViewController.swift */ = {isa = PBXFileReference; fileEncoding = 4; lastKnownFileType = sourcecode.swift; path = AppViewController.swift; sourceTree = "<group>"; };
		03B9E14620747F7500814E29 /* Lores_Example_macOS.app */ = {isa = PBXFileReference; explicitFileType = wrapper.application; includeInIndex = 0; path = Lores_Example_macOS.app; sourceTree = BUILT_PRODUCTS_DIR; };
		03B9E14820747F7600814E29 /* AppDelegate.swift */ = {isa = PBXFileReference; lastKnownFileType = sourcecode.swift; path = AppDelegate.swift; sourceTree = "<group>"; };
		03B9E14A20747F7600814E29 /* AppViewController.swift */ = {isa = PBXFileReference; lastKnownFileType = sourcecode.swift; path = AppViewController.swift; sourceTree = "<group>"; };
		03B9E14C20747F7600814E29 /* Assets.xcassets */ = {isa = PBXFileReference; lastKnownFileType = folder.assetcatalog; path = Assets.xcassets; sourceTree = "<group>"; };
		03B9E14F20747F7600814E29 /* Base */ = {isa = PBXFileReference; lastKnownFileType = file.storyboard; name = Base; path = Base.lproj/Main.storyboard; sourceTree = "<group>"; };
		03B9E15120747F7600814E29 /* Info.plist */ = {isa = PBXFileReference; lastKnownFileType = text.plist.xml; path = Info.plist; sourceTree = "<group>"; };
		03B9E15220747F7600814E29 /* Lores_Example_macOS.entitlements */ = {isa = PBXFileReference; lastKnownFileType = text.plist.entitlements; path = Lores_Example_macOS.entitlements; sourceTree = "<group>"; };
		488312164FB9DDD5BA9CA7C7 /* Pods-Lores_Example_tvOS.release.xcconfig */ = {isa = PBXFileReference; includeInIndex = 1; lastKnownFileType = text.xcconfig; name = "Pods-Lores_Example_tvOS.release.xcconfig"; path = "Pods/Target Support Files/Pods-Lores_Example_tvOS/Pods-Lores_Example_tvOS.release.xcconfig"; sourceTree = "<group>"; };
		4DDDF796C9EBE854619ECD59 /* README.md */ = {isa = PBXFileReference; includeInIndex = 1; lastKnownFileType = net.daringfireball.markdown; name = README.md; path = ../README.md; sourceTree = "<group>"; };
		607FACD01AFB9204008FA782 /* Lores_Example_iOS.app */ = {isa = PBXFileReference; explicitFileType = wrapper.application; includeInIndex = 0; path = Lores_Example_iOS.app; sourceTree = BUILT_PRODUCTS_DIR; };
		607FACD41AFB9204008FA782 /* Info.plist */ = {isa = PBXFileReference; lastKnownFileType = text.plist.xml; path = Info.plist; sourceTree = "<group>"; };
		607FACD51AFB9204008FA782 /* AppDelegate.swift */ = {isa = PBXFileReference; lastKnownFileType = sourcecode.swift; path = AppDelegate.swift; sourceTree = "<group>"; };
		607FACDA1AFB9204008FA782 /* Base */ = {isa = PBXFileReference; lastKnownFileType = file.storyboard; name = Base; path = Base.lproj/Main.storyboard; sourceTree = "<group>"; };
		607FACDC1AFB9204008FA782 /* Images.xcassets */ = {isa = PBXFileReference; lastKnownFileType = folder.assetcatalog; path = Images.xcassets; sourceTree = "<group>"; };
		607FACDF1AFB9204008FA782 /* Base */ = {isa = PBXFileReference; lastKnownFileType = file.xib; name = Base; path = Base.lproj/LaunchScreen.xib; sourceTree = "<group>"; };
		63F03C4FB44CDCA15B8F2BF1 /* Pods-Lores_Example_tvOS.debug.xcconfig */ = {isa = PBXFileReference; includeInIndex = 1; lastKnownFileType = text.xcconfig; name = "Pods-Lores_Example_tvOS.debug.xcconfig"; path = "Pods/Target Support Files/Pods-Lores_Example_tvOS/Pods-Lores_Example_tvOS.debug.xcconfig"; sourceTree = "<group>"; };
		7185D45DBD155524BA9645CD /* Pods_Lores_Example_tvOS.framework */ = {isa = PBXFileReference; explicitFileType = wrapper.framework; includeInIndex = 0; path = Pods_Lores_Example_tvOS.framework; sourceTree = BUILT_PRODUCTS_DIR; };
		747AAADB331710BD15F39CCE /* Pods-Lores_Example_macOS.debug.xcconfig */ = {isa = PBXFileReference; includeInIndex = 1; lastKnownFileType = text.xcconfig; name = "Pods-Lores_Example_macOS.debug.xcconfig"; path = "Pods/Target Support Files/Pods-Lores_Example_macOS/Pods-Lores_Example_macOS.debug.xcconfig"; sourceTree = "<group>"; };
		79119C70207852E8009098FD /* Lores_Example_tvOS.app */ = {isa = PBXFileReference; explicitFileType = wrapper.application; includeInIndex = 0; path = Lores_Example_tvOS.app; sourceTree = BUILT_PRODUCTS_DIR; };
		79119C72207852E8009098FD /* AppDelegate.swift */ = {isa = PBXFileReference; lastKnownFileType = sourcecode.swift; path = AppDelegate.swift; sourceTree = "<group>"; };
		79119C74207852E8009098FD /* ViewController.swift */ = {isa = PBXFileReference; lastKnownFileType = sourcecode.swift; path = ViewController.swift; sourceTree = "<group>"; };
		79119C77207852E8009098FD /* Base */ = {isa = PBXFileReference; lastKnownFileType = file.storyboard; name = Base; path = Base.lproj/Main.storyboard; sourceTree = "<group>"; };
		79119C79207852EA009098FD /* Assets.xcassets */ = {isa = PBXFileReference; lastKnownFileType = folder.assetcatalog; path = Assets.xcassets; sourceTree = "<group>"; };
		79119C7B207852EA009098FD /* Info.plist */ = {isa = PBXFileReference; lastKnownFileType = text.plist.xml; path = Info.plist; sourceTree = "<group>"; };
		79119C9420794A89009098FD /* Snake.swift */ = {isa = PBXFileReference; lastKnownFileType = sourcecode.swift; path = Snake.swift; sourceTree = "<group>"; };
		C4BD0526FF2F83115F10FBC4 /* Pods-Lores_Example_iOS.debug.xcconfig */ = {isa = PBXFileReference; includeInIndex = 1; lastKnownFileType = text.xcconfig; name = "Pods-Lores_Example_iOS.debug.xcconfig"; path = "Pods/Target Support Files/Pods-Lores_Example_iOS/Pods-Lores_Example_iOS.debug.xcconfig"; sourceTree = "<group>"; };
		C6CBA79BBDFF4DCCFF9C693E /* Pods-Lores_Example_macOS.release.xcconfig */ = {isa = PBXFileReference; includeInIndex = 1; lastKnownFileType = text.xcconfig; name = "Pods-Lores_Example_macOS.release.xcconfig"; path = "Pods/Target Support Files/Pods-Lores_Example_macOS/Pods-Lores_Example_macOS.release.xcconfig"; sourceTree = "<group>"; };
		D6814133D7ACE7467F424443 /* Pods_Lores_Example_iOS.framework */ = {isa = PBXFileReference; explicitFileType = wrapper.framework; includeInIndex = 0; path = Pods_Lores_Example_iOS.framework; sourceTree = BUILT_PRODUCTS_DIR; };
		D7FE1A0474E4098F649F3394 /* Pods-Lores_Example_iOS.release.xcconfig */ = {isa = PBXFileReference; includeInIndex = 1; lastKnownFileType = text.xcconfig; name = "Pods-Lores_Example_iOS.release.xcconfig"; path = "Pods/Target Support Files/Pods-Lores_Example_iOS/Pods-Lores_Example_iOS.release.xcconfig"; sourceTree = "<group>"; };
		DACFDFC72D56334384CA4DDE /* Pods_Lores_Example_macOS.framework */ = {isa = PBXFileReference; explicitFileType = wrapper.framework; includeInIndex = 0; path = Pods_Lores_Example_macOS.framework; sourceTree = BUILT_PRODUCTS_DIR; };
		DC9B7E6352F80DF69129F48C /* LICENSE */ = {isa = PBXFileReference; includeInIndex = 1; lastKnownFileType = text; name = LICENSE; path = ../LICENSE; sourceTree = "<group>"; };
		E1D257339FC1AC72B8E359B1 /* Lores.podspec */ = {isa = PBXFileReference; includeInIndex = 1; lastKnownFileType = text; name = Lores.podspec; path = ../Lores.podspec; sourceTree = "<group>"; };
/* End PBXFileReference section */

/* Begin PBXFrameworksBuildPhase section */
		03B9E14320747F7500814E29 /* Frameworks */ = {
			isa = PBXFrameworksBuildPhase;
			buildActionMask = 2147483647;
			files = (
				86B05F7E43725A9CDC8AB3D7 /* Pods_Lores_Example_macOS.framework in Frameworks */,
			);
			runOnlyForDeploymentPostprocessing = 0;
		};
		607FACCD1AFB9204008FA782 /* Frameworks */ = {
			isa = PBXFrameworksBuildPhase;
			buildActionMask = 2147483647;
			files = (
				7DA8205058801BF3B94FD879 /* Pods_Lores_Example_iOS.framework in Frameworks */,
			);
			runOnlyForDeploymentPostprocessing = 0;
		};
		79119C6D207852E8009098FD /* Frameworks */ = {
			isa = PBXFrameworksBuildPhase;
			buildActionMask = 2147483647;
			files = (
				EE4857C16007A701B52AEF57 /* Pods_Lores_Example_tvOS.framework in Frameworks */,
			);
			runOnlyForDeploymentPostprocessing = 0;
		};
/* End PBXFrameworksBuildPhase section */

/* Begin PBXGroup section */
		031B64AE2074769400D3A0EA /* Lores-Shared */ = {
			isa = PBXGroup;
			children = (
				031B64AF2074769400D3A0EA /* Programs */,
				031B64CF2074769500D3A0EA /* Images.xcassets */,
				031B64D02074769500D3A0EA /* ProgramSelector.swift */,
			);
			path = "Lores-Shared";
			sourceTree = "<group>";
		};
		031B64AF2074769400D3A0EA /* Programs */ = {
			isa = PBXGroup;
			children = (
				031B64B72074769400D3A0EA /* Java */,
				031B64B02074769400D3A0EA /* Mandala.swift */,
				031B64CA2074769500D3A0EA /* HelloPixel.swift */,
				031B64B12074769400D3A0EA /* SwiftLesson1Page1.swift */,
				031B64B22074769400D3A0EA /* SwiftLesson1Page3.swift */,
				031B64B32074769400D3A0EA /* Pebbles.swift */,
				031B64B42074769400D3A0EA /* TheDrip.swift */,
				031B64B52074769400D3A0EA /* Gravel.swift */,
				031B64B62074769400D3A0EA /* SwiftLesson1Page2.swift */,
				031B64C32074769400D3A0EA /* Whirlwind.swift */,
				031B64C42074769400D3A0EA /* Rectangles.swift */,
				031B64C52074769400D3A0EA /* RainingHearts.swift */,
				031B64C62074769400D3A0EA /* SwiftLesson.swift */,
				031B64C72074769400D3A0EA /* SargonChessboard.swift */,
				031B64C82074769400D3A0EA /* Ball.swift */,
				031B64C92074769400D3A0EA /* Sparkler.swift */,
				031B64CB2074769500D3A0EA /* Move.swift */,
				031B64CC2074769500D3A0EA /* Mushroom.swift */,
				031B64CD2074769500D3A0EA /* EmptyProgram.swift */,
				031B64CE2074769500D3A0EA /* DotsAndLines.swift */,
				79119C9420794A89009098FD /* Snake.swift */,
			);
			path = Programs;
			sourceTree = "<group>";
		};
		031B64B72074769400D3A0EA /* Java */ = {
			isa = PBXGroup;
			children = (
				031B64B82074769400D3A0EA /* Xxx.java */,
				031B64B92074769400D3A0EA /* Sierpinski.java */,
				031B64BA2074769400D3A0EA /* Life.java */,
				031B64BB2074769400D3A0EA /* Lines.java */,
				031B64BC2074769400D3A0EA /* MultiBounce.java */,
				031B64BD2074769400D3A0EA /* SlideShow.java */,
				031B64BE2074769400D3A0EA /* Snake.java */,
				031B64BF2074769400D3A0EA /* Shapes.java */,
				031B64C02074769400D3A0EA /* Player.java */,
				031B64C12074769400D3A0EA /* InputTest.java */,
				031B64C22074769400D3A0EA /* TicTacToe.java */,
			);
			path = Java;
			sourceTree = "<group>";
		};
		03B9E14720747F7500814E29 /* Lores_Example_macOS */ = {
			isa = PBXGroup;
			children = (
				03B9E14820747F7600814E29 /* AppDelegate.swift */,
				03B9E14A20747F7600814E29 /* AppViewController.swift */,
				03B9E14C20747F7600814E29 /* Assets.xcassets */,
				03B9E14E20747F7600814E29 /* Main.storyboard */,
				03B9E15120747F7600814E29 /* Info.plist */,
				03B9E15220747F7600814E29 /* Lores_Example_macOS.entitlements */,
			);
			path = Lores_Example_macOS;
			sourceTree = "<group>";
		};
		607FACC71AFB9204008FA782 = {
			isa = PBXGroup;
			children = (
				607FACF51AFB993E008FA782 /* Podspec Metadata */,
				031B64AE2074769400D3A0EA /* Lores-Shared */,
				607FACD21AFB9204008FA782 /* Lores-iOS */,
				03B9E14720747F7500814E29 /* Lores_Example_macOS */,
				79119C71207852E8009098FD /* Lores_Example_tvOS */,
				607FACD11AFB9204008FA782 /* Products */,
				C1BBD038FC2C445E7672E720 /* Pods */,
				AD94500D31A6542EE837D60B /* Frameworks */,
			);
			sourceTree = "<group>";
		};
		607FACD11AFB9204008FA782 /* Products */ = {
			isa = PBXGroup;
			children = (
				607FACD01AFB9204008FA782 /* Lores_Example_iOS.app */,
				03B9E14620747F7500814E29 /* Lores_Example_macOS.app */,
				79119C70207852E8009098FD /* Lores_Example_tvOS.app */,
			);
			name = Products;
			sourceTree = "<group>";
		};
		607FACD21AFB9204008FA782 /* Lores-iOS */ = {
			isa = PBXGroup;
			children = (
				607FACD51AFB9204008FA782 /* AppDelegate.swift */,
				031B64F12074771A00D3A0EA /* AppViewController.swift */,
				607FACD91AFB9204008FA782 /* Main.storyboard */,
				607FACDC1AFB9204008FA782 /* Images.xcassets */,
				607FACDE1AFB9204008FA782 /* LaunchScreen.xib */,
				607FACD31AFB9204008FA782 /* Supporting Files */,
			);
			path = "Lores-iOS";
			sourceTree = "<group>";
		};
		607FACD31AFB9204008FA782 /* Supporting Files */ = {
			isa = PBXGroup;
			children = (
				607FACD41AFB9204008FA782 /* Info.plist */,
			);
			name = "Supporting Files";
			sourceTree = "<group>";
		};
		607FACF51AFB993E008FA782 /* Podspec Metadata */ = {
			isa = PBXGroup;
			children = (
				E1D257339FC1AC72B8E359B1 /* Lores.podspec */,
				4DDDF796C9EBE854619ECD59 /* README.md */,
				DC9B7E6352F80DF69129F48C /* LICENSE */,
			);
			name = "Podspec Metadata";
			sourceTree = "<group>";
		};
		79119C71207852E8009098FD /* Lores_Example_tvOS */ = {
			isa = PBXGroup;
			children = (
				79119C72207852E8009098FD /* AppDelegate.swift */,
				79119C74207852E8009098FD /* ViewController.swift */,
				79119C76207852E8009098FD /* Main.storyboard */,
				79119C79207852EA009098FD /* Assets.xcassets */,
				79119C7B207852EA009098FD /* Info.plist */,
			);
			path = Lores_Example_tvOS;
			sourceTree = "<group>";
		};
		AD94500D31A6542EE837D60B /* Frameworks */ = {
			isa = PBXGroup;
			children = (
				D6814133D7ACE7467F424443 /* Pods_Lores_Example_iOS.framework */,
				DACFDFC72D56334384CA4DDE /* Pods_Lores_Example_macOS.framework */,
				7185D45DBD155524BA9645CD /* Pods_Lores_Example_tvOS.framework */,
			);
			name = Frameworks;
			sourceTree = "<group>";
		};
		C1BBD038FC2C445E7672E720 /* Pods */ = {
			isa = PBXGroup;
			children = (
				C4BD0526FF2F83115F10FBC4 /* Pods-Lores_Example_iOS.debug.xcconfig */,
				D7FE1A0474E4098F649F3394 /* Pods-Lores_Example_iOS.release.xcconfig */,
				747AAADB331710BD15F39CCE /* Pods-Lores_Example_macOS.debug.xcconfig */,
				C6CBA79BBDFF4DCCFF9C693E /* Pods-Lores_Example_macOS.release.xcconfig */,
				63F03C4FB44CDCA15B8F2BF1 /* Pods-Lores_Example_tvOS.debug.xcconfig */,
				488312164FB9DDD5BA9CA7C7 /* Pods-Lores_Example_tvOS.release.xcconfig */,
			);
			name = Pods;
			sourceTree = "<group>";
		};
/* End PBXGroup section */

/* Begin PBXNativeTarget section */
		03B9E14520747F7500814E29 /* Lores_Example_macOS */ = {
			isa = PBXNativeTarget;
			buildConfigurationList = 03B9E15520747F7600814E29 /* Build configuration list for PBXNativeTarget "Lores_Example_macOS" */;
			buildPhases = (
				26A3105D84BB459228941194 /* [CP] Check Pods Manifest.lock */,
				03B9E14220747F7500814E29 /* Sources */,
				03B9E14320747F7500814E29 /* Frameworks */,
				03B9E14420747F7500814E29 /* Resources */,
				F1043C61C7EC6BFB3324A63A /* [CP] Embed Pods Frameworks */,
			);
			buildRules = (
			);
			dependencies = (
			);
			name = Lores_Example_macOS;
			productName = Lores_Example_macOS;
			productReference = 03B9E14620747F7500814E29 /* Lores_Example_macOS.app */;
			productType = "com.apple.product-type.application";
		};
		607FACCF1AFB9204008FA782 /* Lores_Example_iOS */ = {
			isa = PBXNativeTarget;
			buildConfigurationList = 607FACEF1AFB9204008FA782 /* Build configuration list for PBXNativeTarget "Lores_Example_iOS" */;
			buildPhases = (
				E1368BBC6128C4CB428B4090 /* [CP] Check Pods Manifest.lock */,
				607FACCC1AFB9204008FA782 /* Sources */,
				607FACCD1AFB9204008FA782 /* Frameworks */,
				607FACCE1AFB9204008FA782 /* Resources */,
				75EEB8B0703D119A3C7F3322 /* [CP] Embed Pods Frameworks */,
			);
			buildRules = (
			);
			dependencies = (
			);
			name = Lores_Example_iOS;
			productName = Lores;
			productReference = 607FACD01AFB9204008FA782 /* Lores_Example_iOS.app */;
			productType = "com.apple.product-type.application";
		};
		79119C6F207852E8009098FD /* Lores_Example_tvOS */ = {
			isa = PBXNativeTarget;
			buildConfigurationList = 79119C7E207852EA009098FD /* Build configuration list for PBXNativeTarget "Lores_Example_tvOS" */;
			buildPhases = (
				FDE824395D4E41312CE0A6AA /* [CP] Check Pods Manifest.lock */,
				79119C6C207852E8009098FD /* Sources */,
				79119C6D207852E8009098FD /* Frameworks */,
				79119C6E207852E8009098FD /* Resources */,
				E7BF0B6AEACE9EFB67E3D1A5 /* [CP] Embed Pods Frameworks */,
			);
			buildRules = (
			);
			dependencies = (
			);
			name = Lores_Example_tvOS;
			productName = Lores_Example_tvOS;
			productReference = 79119C70207852E8009098FD /* Lores_Example_tvOS.app */;
			productType = "com.apple.product-type.application";
		};
/* End PBXNativeTarget section */

/* Begin PBXProject section */
		607FACC81AFB9204008FA782 /* Project object */ = {
			isa = PBXProject;
			attributes = {
				LastSwiftUpdateCheck = 0930;
				LastUpgradeCheck = 0930;
				ORGANIZATIONNAME = CocoaPods;
				TargetAttributes = {
					03B9E14520747F7500814E29 = {
						CreatedOnToolsVersion = 9.3;
						ProvisioningStyle = Automatic;
						SystemCapabilities = {
							com.apple.Sandbox = {
								enabled = 0;
							};
						};
					};
					607FACCF1AFB9204008FA782 = {
						CreatedOnToolsVersion = 6.3.1;
						LastSwiftMigration = 0900;
					};
					79119C6F207852E8009098FD = {
						CreatedOnToolsVersion = 9.3;
						DevelopmentTeam = 92TUA8H52D;
						ProvisioningStyle = Automatic;
					};
				};
			};
			buildConfigurationList = 607FACCB1AFB9204008FA782 /* Build configuration list for PBXProject "Lores" */;
			compatibilityVersion = "Xcode 3.2";
			developmentRegion = English;
			hasScannedForEncodings = 0;
			knownRegions = (
				en,
				Base,
			);
			mainGroup = 607FACC71AFB9204008FA782;
			productRefGroup = 607FACD11AFB9204008FA782 /* Products */;
			projectDirPath = "";
			projectRoot = "";
			targets = (
				607FACCF1AFB9204008FA782 /* Lores_Example_iOS */,
				03B9E14520747F7500814E29 /* Lores_Example_macOS */,
				79119C6F207852E8009098FD /* Lores_Example_tvOS */,
			);
		};
/* End PBXProject section */

/* Begin PBXResourcesBuildPhase section */
		03B9E14420747F7500814E29 /* Resources */ = {
			isa = PBXResourcesBuildPhase;
			buildActionMask = 2147483647;
			files = (
				030ADD6D2074920400AA6FF0 /* Images.xcassets in Resources */,
				03B9E14D20747F7600814E29 /* Assets.xcassets in Resources */,
				03B9E15020747F7600814E29 /* Main.storyboard in Resources */,
			);
			runOnlyForDeploymentPostprocessing = 0;
		};
		607FACCE1AFB9204008FA782 /* Resources */ = {
			isa = PBXResourcesBuildPhase;
			buildActionMask = 2147483647;
			files = (
				607FACDB1AFB9204008FA782 /* Main.storyboard in Resources */,
				031B64EF2074769500D3A0EA /* Images.xcassets in Resources */,
				607FACE01AFB9204008FA782 /* LaunchScreen.xib in Resources */,
				607FACDD1AFB9204008FA782 /* Images.xcassets in Resources */,
			);
			runOnlyForDeploymentPostprocessing = 0;
		};
		79119C6E207852E8009098FD /* Resources */ = {
			isa = PBXResourcesBuildPhase;
			buildActionMask = 2147483647;
			files = (
				79119C9320786469009098FD /* Images.xcassets in Resources */,
				79119C7A207852EA009098FD /* Assets.xcassets in Resources */,
				79119C78207852E8009098FD /* Main.storyboard in Resources */,
			);
			runOnlyForDeploymentPostprocessing = 0;
		};
/* End PBXResourcesBuildPhase section */

/* Begin PBXShellScriptBuildPhase section */
		26A3105D84BB459228941194 /* [CP] Check Pods Manifest.lock */ = {
			isa = PBXShellScriptBuildPhase;
			buildActionMask = 2147483647;
			files = (
			);
			inputPaths = (
				"${PODS_PODFILE_DIR_PATH}/Podfile.lock",
				"${PODS_ROOT}/Manifest.lock",
			);
			name = "[CP] Check Pods Manifest.lock";
			outputPaths = (
				"$(DERIVED_FILE_DIR)/Pods-Lores_Example_macOS-checkManifestLockResult.txt",
			);
			runOnlyForDeploymentPostprocessing = 0;
			shellPath = /bin/sh;
			shellScript = "diff \"${PODS_PODFILE_DIR_PATH}/Podfile.lock\" \"${PODS_ROOT}/Manifest.lock\" > /dev/null\nif [ $? != 0 ] ; then\n    # print error to STDERR\n    echo \"error: The sandbox is not in sync with the Podfile.lock. Run 'pod install' or update your CocoaPods installation.\" >&2\n    exit 1\nfi\n# This output is used by Xcode 'outputs' to avoid re-running this script phase.\necho \"SUCCESS\" > \"${SCRIPT_OUTPUT_FILE_0}\"\n";
			showEnvVarsInLog = 0;
		};
		75EEB8B0703D119A3C7F3322 /* [CP] Embed Pods Frameworks */ = {
			isa = PBXShellScriptBuildPhase;
			buildActionMask = 2147483647;
			files = (
			);
			inputPaths = (
				"${SRCROOT}/Pods/Target Support Files/Pods-Lores_Example_iOS/Pods-Lores_Example_iOS-frameworks.sh",
				"${BUILT_PRODUCTS_DIR}/CommonCryptoModule-iOS/CommonCryptoModule.framework",
				"${BUILT_PRODUCTS_DIR}/Lores-iOS/Lores.framework",
				"${BUILT_PRODUCTS_DIR}/WolfCore-iOS/WolfCore.framework",
			);
			name = "[CP] Embed Pods Frameworks";
			outputPaths = (
				"${TARGET_BUILD_DIR}/${FRAMEWORKS_FOLDER_PATH}/CommonCryptoModule.framework",
				"${TARGET_BUILD_DIR}/${FRAMEWORKS_FOLDER_PATH}/Lores.framework",
				"${TARGET_BUILD_DIR}/${FRAMEWORKS_FOLDER_PATH}/WolfCore.framework",
			);
			runOnlyForDeploymentPostprocessing = 0;
			shellPath = /bin/sh;
			shellScript = "\"${SRCROOT}/Pods/Target Support Files/Pods-Lores_Example_iOS/Pods-Lores_Example_iOS-frameworks.sh\"\n";
			showEnvVarsInLog = 0;
		};
		E1368BBC6128C4CB428B4090 /* [CP] Check Pods Manifest.lock */ = {
			isa = PBXShellScriptBuildPhase;
			buildActionMask = 2147483647;
			files = (
			);
			inputPaths = (
				"${PODS_PODFILE_DIR_PATH}/Podfile.lock",
				"${PODS_ROOT}/Manifest.lock",
			);
			name = "[CP] Check Pods Manifest.lock";
			outputPaths = (
				"$(DERIVED_FILE_DIR)/Pods-Lores_Example_iOS-checkManifestLockResult.txt",
			);
			runOnlyForDeploymentPostprocessing = 0;
			shellPath = /bin/sh;
			shellScript = "diff \"${PODS_PODFILE_DIR_PATH}/Podfile.lock\" \"${PODS_ROOT}/Manifest.lock\" > /dev/null\nif [ $? != 0 ] ; then\n    # print error to STDERR\n    echo \"error: The sandbox is not in sync with the Podfile.lock. Run 'pod install' or update your CocoaPods installation.\" >&2\n    exit 1\nfi\n# This output is used by Xcode 'outputs' to avoid re-running this script phase.\necho \"SUCCESS\" > \"${SCRIPT_OUTPUT_FILE_0}\"\n";
			showEnvVarsInLog = 0;
		};
		E7BF0B6AEACE9EFB67E3D1A5 /* [CP] Embed Pods Frameworks */ = {
			isa = PBXShellScriptBuildPhase;
			buildActionMask = 2147483647;
			files = (
			);
			inputPaths = (
				"${SRCROOT}/Pods/Target Support Files/Pods-Lores_Example_tvOS/Pods-Lores_Example_tvOS-frameworks.sh",
				"${BUILT_PRODUCTS_DIR}/CommonCryptoModule-tvOS/CommonCryptoModule.framework",
				"${BUILT_PRODUCTS_DIR}/Lores-tvOS/Lores.framework",
				"${BUILT_PRODUCTS_DIR}/WolfCore-tvOS/WolfCore.framework",
			);
			name = "[CP] Embed Pods Frameworks";
			outputPaths = (
				"${TARGET_BUILD_DIR}/${FRAMEWORKS_FOLDER_PATH}/CommonCryptoModule.framework",
				"${TARGET_BUILD_DIR}/${FRAMEWORKS_FOLDER_PATH}/Lores.framework",
				"${TARGET_BUILD_DIR}/${FRAMEWORKS_FOLDER_PATH}/WolfCore.framework",
			);
			runOnlyForDeploymentPostprocessing = 0;
			shellPath = /bin/sh;
			shellScript = "\"${SRCROOT}/Pods/Target Support Files/Pods-Lores_Example_tvOS/Pods-Lores_Example_tvOS-frameworks.sh\"\n";
			showEnvVarsInLog = 0;
		};
		F1043C61C7EC6BFB3324A63A /* [CP] Embed Pods Frameworks */ = {
			isa = PBXShellScriptBuildPhase;
			buildActionMask = 2147483647;
			files = (
			);
			inputPaths = (
				"${SRCROOT}/Pods/Target Support Files/Pods-Lores_Example_macOS/Pods-Lores_Example_macOS-frameworks.sh",
				"${BUILT_PRODUCTS_DIR}/CommonCryptoModule-macOS/CommonCryptoModule.framework",
				"${BUILT_PRODUCTS_DIR}/Lores-macOS/Lores.framework",
				"${BUILT_PRODUCTS_DIR}/WolfCore-macOS/WolfCore.framework",
			);
			name = "[CP] Embed Pods Frameworks";
			outputPaths = (
				"${TARGET_BUILD_DIR}/${FRAMEWORKS_FOLDER_PATH}/CommonCryptoModule.framework",
				"${TARGET_BUILD_DIR}/${FRAMEWORKS_FOLDER_PATH}/Lores.framework",
				"${TARGET_BUILD_DIR}/${FRAMEWORKS_FOLDER_PATH}/WolfCore.framework",
			);
			runOnlyForDeploymentPostprocessing = 0;
			shellPath = /bin/sh;
			shellScript = "\"${SRCROOT}/Pods/Target Support Files/Pods-Lores_Example_macOS/Pods-Lores_Example_macOS-frameworks.sh\"\n";
			showEnvVarsInLog = 0;
		};
		FDE824395D4E41312CE0A6AA /* [CP] Check Pods Manifest.lock */ = {
			isa = PBXShellScriptBuildPhase;
			buildActionMask = 2147483647;
			files = (
			);
			inputPaths = (
				"${PODS_PODFILE_DIR_PATH}/Podfile.lock",
				"${PODS_ROOT}/Manifest.lock",
			);
			name = "[CP] Check Pods Manifest.lock";
			outputPaths = (
				"$(DERIVED_FILE_DIR)/Pods-Lores_Example_tvOS-checkManifestLockResult.txt",
			);
			runOnlyForDeploymentPostprocessing = 0;
			shellPath = /bin/sh;
			shellScript = "diff \"${PODS_PODFILE_DIR_PATH}/Podfile.lock\" \"${PODS_ROOT}/Manifest.lock\" > /dev/null\nif [ $? != 0 ] ; then\n    # print error to STDERR\n    echo \"error: The sandbox is not in sync with the Podfile.lock. Run 'pod install' or update your CocoaPods installation.\" >&2\n    exit 1\nfi\n# This output is used by Xcode 'outputs' to avoid re-running this script phase.\necho \"SUCCESS\" > \"${SCRIPT_OUTPUT_FILE_0}\"\n";
			showEnvVarsInLog = 0;
		};
/* End PBXShellScriptBuildPhase section */

/* Begin PBXSourcesBuildPhase section */
		03B9E14220747F7500814E29 /* Sources */ = {
			isa = PBXSourcesBuildPhase;
			buildActionMask = 2147483647;
			files = (
				030ADD68207491DE00AA6FF0 /* HelloPixel.swift in Sources */,
				03B9E14B20747F7600814E29 /* AppViewController.swift in Sources */,
				030ADD64207491DE00AA6FF0 /* SwiftLesson.swift in Sources */,
				030ADD65207491DE00AA6FF0 /* SargonChessboard.swift in Sources */,
				030ADD5D207491DE00AA6FF0 /* Pebbles.swift in Sources */,
				030ADD61207491DE00AA6FF0 /* Whirlwind.swift in Sources */,
				030ADD5F207491DE00AA6FF0 /* Gravel.swift in Sources */,
				030ADD5A207491DE00AA6FF0 /* Mandala.swift in Sources */,
				030ADD69207491DE00AA6FF0 /* Move.swift in Sources */,
				030ADD5E207491DE00AA6FF0 /* TheDrip.swift in Sources */,
				030ADD6A207491DE00AA6FF0 /* Mushroom.swift in Sources */,
				030ADD67207491DE00AA6FF0 /* Sparkler.swift in Sources */,
				79119C9620794A89009098FD /* Snake.swift in Sources */,
				030ADD62207491DE00AA6FF0 /* Rectangles.swift in Sources */,
				030ADD6B207491DE00AA6FF0 /* EmptyProgram.swift in Sources */,
				030ADD5C207491DE00AA6FF0 /* SwiftLesson1Page3.swift in Sources */,
				030ADD59207491CF00AA6FF0 /* ProgramSelector.swift in Sources */,
				03B9E14920747F7600814E29 /* AppDelegate.swift in Sources */,
				030ADD63207491DE00AA6FF0 /* RainingHearts.swift in Sources */,
				030ADD6C207491DE00AA6FF0 /* DotsAndLines.swift in Sources */,
				030ADD5B207491DE00AA6FF0 /* SwiftLesson1Page1.swift in Sources */,
				030ADD60207491DE00AA6FF0 /* SwiftLesson1Page2.swift in Sources */,
				030ADD66207491DE00AA6FF0 /* Ball.swift in Sources */,
			);
			runOnlyForDeploymentPostprocessing = 0;
		};
		607FACCC1AFB9204008FA782 /* Sources */ = {
			isa = PBXSourcesBuildPhase;
			buildActionMask = 2147483647;
			files = (
				031B64E42074769500D3A0EA /* Rectangles.swift in Sources */,
				031B64E72074769500D3A0EA /* SargonChessboard.swift in Sources */,
				031B64E82074769500D3A0EA /* Ball.swift in Sources */,
				031B64D42074769500D3A0EA /* Pebbles.swift in Sources */,
				031B64F22074771A00D3A0EA /* AppViewController.swift in Sources */,
				031B64D12074769500D3A0EA /* Mandala.swift in Sources */,
				031B64EA2074769500D3A0EA /* HelloPixel.swift in Sources */,
				031B64EC2074769500D3A0EA /* Mushroom.swift in Sources */,
				031B64D22074769500D3A0EA /* SwiftLesson1Page1.swift in Sources */,
				607FACD61AFB9204008FA782 /* AppDelegate.swift in Sources */,
				031B64E92074769500D3A0EA /* Sparkler.swift in Sources */,
				031B64E62074769500D3A0EA /* SwiftLesson.swift in Sources */,
				79119C9520794A89009098FD /* Snake.swift in Sources */,
				031B64EE2074769500D3A0EA /* DotsAndLines.swift in Sources */,
				031B64D32074769500D3A0EA /* SwiftLesson1Page3.swift in Sources */,
				031B64D52074769500D3A0EA /* TheDrip.swift in Sources */,
				031B64ED2074769500D3A0EA /* EmptyProgram.swift in Sources */,
				031B64EB2074769500D3A0EA /* Move.swift in Sources */,
				031B64E32074769500D3A0EA /* Whirlwind.swift in Sources */,
				031B64E52074769500D3A0EA /* RainingHearts.swift in Sources */,
				031B64D72074769500D3A0EA /* SwiftLesson1Page2.swift in Sources */,
				031B64F02074769500D3A0EA /* ProgramSelector.swift in Sources */,
				031B64D62074769500D3A0EA /* Gravel.swift in Sources */,
			);
			runOnlyForDeploymentPostprocessing = 0;
		};
		79119C6C207852E8009098FD /* Sources */ = {
			isa = PBXSourcesBuildPhase;
			buildActionMask = 2147483647;
			files = (
				79119C89207863E5009098FD /* Rectangles.swift in Sources */,
				79119C82207863E5009098FD /* SwiftLesson1Page1.swift in Sources */,
				79119C87207863E5009098FD /* SwiftLesson1Page2.swift in Sources */,
				79119C90207863E5009098FD /* Mushroom.swift in Sources */,
				79119C8A207863E5009098FD /* RainingHearts.swift in Sources */,
				79119C8B207863E5009098FD /* SwiftLesson.swift in Sources */,
				79119C83207863E5009098FD /* SwiftLesson1Page3.swift in Sources */,
				79119C75207852E8009098FD /* ViewController.swift in Sources */,
				79119C7F207863DC009098FD /* ProgramSelector.swift in Sources */,
				79119C81207863E5009098FD /* HelloPixel.swift in Sources */,
				79119C8C207863E5009098FD /* SargonChessboard.swift in Sources */,
				79119C84207863E5009098FD /* Pebbles.swift in Sources */,
				79119C9720794A89009098FD /* Snake.swift in Sources */,
				79119C86207863E5009098FD /* Gravel.swift in Sources */,
				79119C91207863E5009098FD /* EmptyProgram.swift in Sources */,
				79119C80207863E5009098FD /* Mandala.swift in Sources */,
				79119C92207863E5009098FD /* DotsAndLines.swift in Sources */,
				79119C85207863E5009098FD /* TheDrip.swift in Sources */,
				79119C88207863E5009098FD /* Whirlwind.swift in Sources */,
				79119C73207852E8009098FD /* AppDelegate.swift in Sources */,
				79119C8F207863E5009098FD /* Move.swift in Sources */,
				79119C8D207863E5009098FD /* Ball.swift in Sources */,
				79119C8E207863E5009098FD /* Sparkler.swift in Sources */,
			);
			runOnlyForDeploymentPostprocessing = 0;
		};
/* End PBXSourcesBuildPhase section */

/* Begin PBXVariantGroup section */
		03B9E14E20747F7600814E29 /* Main.storyboard */ = {
			isa = PBXVariantGroup;
			children = (
				03B9E14F20747F7600814E29 /* Base */,
			);
			name = Main.storyboard;
			sourceTree = "<group>";
		};
		607FACD91AFB9204008FA782 /* Main.storyboard */ = {
			isa = PBXVariantGroup;
			children = (
				607FACDA1AFB9204008FA782 /* Base */,
			);
			name = Main.storyboard;
			sourceTree = "<group>";
		};
		607FACDE1AFB9204008FA782 /* LaunchScreen.xib */ = {
			isa = PBXVariantGroup;
			children = (
				607FACDF1AFB9204008FA782 /* Base */,
			);
			name = LaunchScreen.xib;
			sourceTree = "<group>";
		};
		79119C76207852E8009098FD /* Main.storyboard */ = {
			isa = PBXVariantGroup;
			children = (
				79119C77207852E8009098FD /* Base */,
			);
			name = Main.storyboard;
			sourceTree = "<group>";
		};
/* End PBXVariantGroup section */

/* Begin XCBuildConfiguration section */
		03B9E15320747F7600814E29 /* Debug */ = {
			isa = XCBuildConfiguration;
			baseConfigurationReference = 747AAADB331710BD15F39CCE /* Pods-Lores_Example_macOS.debug.xcconfig */;
			buildSettings = {
				ASSETCATALOG_COMPILER_APPICON_NAME = AppIcon;
				CLANG_ANALYZER_NONNULL = YES;
				CLANG_ANALYZER_NUMBER_OBJECT_CONVERSION = YES_AGGRESSIVE;
				CLANG_CXX_LANGUAGE_STANDARD = "gnu++14";
				CLANG_ENABLE_OBJC_WEAK = YES;
				CLANG_WARN_DOCUMENTATION_COMMENTS = YES;
				CLANG_WARN_UNGUARDED_AVAILABILITY = YES_AGGRESSIVE;
				CODE_SIGN_IDENTITY = "-";
				CODE_SIGN_STYLE = Automatic;
				COMBINE_HIDPI_IMAGES = YES;
				DEBUG_INFORMATION_FORMAT = dwarf;
				GCC_C_LANGUAGE_STANDARD = gnu11;
				INFOPLIST_FILE = Lores_Example_macOS/Info.plist;
				LD_RUNPATH_SEARCH_PATHS = "$(inherited) @executable_path/../Frameworks";
				MACOSX_DEPLOYMENT_TARGET = 10.13;
				PRODUCT_BUNDLE_IDENTIFIER = "com.arciem.Lores-Example-macOS";
				PRODUCT_NAME = "$(TARGET_NAME)";
				SDKROOT = macosx;
				SWIFT_ACTIVE_COMPILATION_CONDITIONS = DEBUG;
				SWIFT_VERSION = 4.0;
			};
			name = Debug;
		};
		03B9E15420747F7600814E29 /* Release */ = {
			isa = XCBuildConfiguration;
			baseConfigurationReference = C6CBA79BBDFF4DCCFF9C693E /* Pods-Lores_Example_macOS.release.xcconfig */;
			buildSettings = {
				ASSETCATALOG_COMPILER_APPICON_NAME = AppIcon;
				CLANG_ANALYZER_NONNULL = YES;
				CLANG_ANALYZER_NUMBER_OBJECT_CONVERSION = YES_AGGRESSIVE;
				CLANG_CXX_LANGUAGE_STANDARD = "gnu++14";
				CLANG_ENABLE_OBJC_WEAK = YES;
				CLANG_WARN_DOCUMENTATION_COMMENTS = YES;
				CLANG_WARN_UNGUARDED_AVAILABILITY = YES_AGGRESSIVE;
				CODE_SIGN_IDENTITY = "-";
				CODE_SIGN_STYLE = Automatic;
				COMBINE_HIDPI_IMAGES = YES;
				GCC_C_LANGUAGE_STANDARD = gnu11;
				INFOPLIST_FILE = Lores_Example_macOS/Info.plist;
				LD_RUNPATH_SEARCH_PATHS = "$(inherited) @executable_path/../Frameworks";
				MACOSX_DEPLOYMENT_TARGET = 10.13;
				PRODUCT_BUNDLE_IDENTIFIER = "com.arciem.Lores-Example-macOS";
				PRODUCT_NAME = "$(TARGET_NAME)";
				SDKROOT = macosx;
				SWIFT_VERSION = 4.0;
			};
			name = Release;
		};
		607FACED1AFB9204008FA782 /* Debug */ = {
			isa = XCBuildConfiguration;
			buildSettings = {
				ALWAYS_SEARCH_USER_PATHS = NO;
				CLANG_CXX_LANGUAGE_STANDARD = "gnu++0x";
				CLANG_CXX_LIBRARY = "libc++";
				CLANG_ENABLE_MODULES = YES;
				CLANG_ENABLE_OBJC_ARC = YES;
				CLANG_WARN_BLOCK_CAPTURE_AUTORELEASING = YES;
				CLANG_WARN_BOOL_CONVERSION = YES;
				CLANG_WARN_COMMA = YES;
				CLANG_WARN_CONSTANT_CONVERSION = YES;
				CLANG_WARN_DEPRECATED_OBJC_IMPLEMENTATIONS = YES;
				CLANG_WARN_DIRECT_OBJC_ISA_USAGE = YES_ERROR;
				CLANG_WARN_EMPTY_BODY = YES;
				CLANG_WARN_ENUM_CONVERSION = YES;
				CLANG_WARN_INFINITE_RECURSION = YES;
				CLANG_WARN_INT_CONVERSION = YES;
				CLANG_WARN_NON_LITERAL_NULL_CONVERSION = YES;
				CLANG_WARN_OBJC_IMPLICIT_RETAIN_SELF = YES;
				CLANG_WARN_OBJC_LITERAL_CONVERSION = YES;
				CLANG_WARN_OBJC_ROOT_CLASS = YES_ERROR;
				CLANG_WARN_RANGE_LOOP_ANALYSIS = YES;
				CLANG_WARN_STRICT_PROTOTYPES = YES;
				CLANG_WARN_SUSPICIOUS_MOVE = YES;
				CLANG_WARN_UNREACHABLE_CODE = YES;
				CLANG_WARN__DUPLICATE_METHOD_MATCH = YES;
				"CODE_SIGN_IDENTITY[sdk=iphoneos*]" = "iPhone Developer";
				COPY_PHASE_STRIP = NO;
				DEBUG_INFORMATION_FORMAT = "dwarf-with-dsym";
				ENABLE_STRICT_OBJC_MSGSEND = YES;
				ENABLE_TESTABILITY = YES;
				GCC_C_LANGUAGE_STANDARD = gnu99;
				GCC_DYNAMIC_NO_PIC = NO;
				GCC_NO_COMMON_BLOCKS = YES;
				GCC_OPTIMIZATION_LEVEL = 0;
				GCC_PREPROCESSOR_DEFINITIONS = (
					"DEBUG=1",
					"$(inherited)",
				);
				GCC_SYMBOLS_PRIVATE_EXTERN = NO;
				GCC_WARN_64_TO_32_BIT_CONVERSION = YES;
				GCC_WARN_ABOUT_RETURN_TYPE = YES_ERROR;
				GCC_WARN_UNDECLARED_SELECTOR = YES;
				GCC_WARN_UNINITIALIZED_AUTOS = YES_AGGRESSIVE;
				GCC_WARN_UNUSED_FUNCTION = YES;
				GCC_WARN_UNUSED_VARIABLE = YES;
				IPHONEOS_DEPLOYMENT_TARGET = 9.3;
				MTL_ENABLE_DEBUG_INFO = YES;
				ONLY_ACTIVE_ARCH = YES;
				SDKROOT = iphoneos;
				SWIFT_OPTIMIZATION_LEVEL = "-Onone";
			};
			name = Debug;
		};
		607FACEE1AFB9204008FA782 /* Release */ = {
			isa = XCBuildConfiguration;
			buildSettings = {
				ALWAYS_SEARCH_USER_PATHS = NO;
				CLANG_CXX_LANGUAGE_STANDARD = "gnu++0x";
				CLANG_CXX_LIBRARY = "libc++";
				CLANG_ENABLE_MODULES = YES;
				CLANG_ENABLE_OBJC_ARC = YES;
				CLANG_WARN_BLOCK_CAPTURE_AUTORELEASING = YES;
				CLANG_WARN_BOOL_CONVERSION = YES;
				CLANG_WARN_COMMA = YES;
				CLANG_WARN_CONSTANT_CONVERSION = YES;
				CLANG_WARN_DEPRECATED_OBJC_IMPLEMENTATIONS = YES;
				CLANG_WARN_DIRECT_OBJC_ISA_USAGE = YES_ERROR;
				CLANG_WARN_EMPTY_BODY = YES;
				CLANG_WARN_ENUM_CONVERSION = YES;
				CLANG_WARN_INFINITE_RECURSION = YES;
				CLANG_WARN_INT_CONVERSION = YES;
				CLANG_WARN_NON_LITERAL_NULL_CONVERSION = YES;
				CLANG_WARN_OBJC_IMPLICIT_RETAIN_SELF = YES;
				CLANG_WARN_OBJC_LITERAL_CONVERSION = YES;
				CLANG_WARN_OBJC_ROOT_CLASS = YES_ERROR;
				CLANG_WARN_RANGE_LOOP_ANALYSIS = YES;
				CLANG_WARN_STRICT_PROTOTYPES = YES;
				CLANG_WARN_SUSPICIOUS_MOVE = YES;
				CLANG_WARN_UNREACHABLE_CODE = YES;
				CLANG_WARN__DUPLICATE_METHOD_MATCH = YES;
				"CODE_SIGN_IDENTITY[sdk=iphoneos*]" = "iPhone Developer";
				COPY_PHASE_STRIP = NO;
				DEBUG_INFORMATION_FORMAT = "dwarf-with-dsym";
				ENABLE_NS_ASSERTIONS = NO;
				ENABLE_STRICT_OBJC_MSGSEND = YES;
				GCC_C_LANGUAGE_STANDARD = gnu99;
				GCC_NO_COMMON_BLOCKS = YES;
				GCC_WARN_64_TO_32_BIT_CONVERSION = YES;
				GCC_WARN_ABOUT_RETURN_TYPE = YES_ERROR;
				GCC_WARN_UNDECLARED_SELECTOR = YES;
				GCC_WARN_UNINITIALIZED_AUTOS = YES_AGGRESSIVE;
				GCC_WARN_UNUSED_FUNCTION = YES;
				GCC_WARN_UNUSED_VARIABLE = YES;
				IPHONEOS_DEPLOYMENT_TARGET = 9.3;
				MTL_ENABLE_DEBUG_INFO = NO;
				SDKROOT = iphoneos;
				SWIFT_OPTIMIZATION_LEVEL = "-Owholemodule";
				VALIDATE_PRODUCT = YES;
			};
			name = Release;
		};
		607FACF01AFB9204008FA782 /* Debug */ = {
			isa = XCBuildConfiguration;
			baseConfigurationReference = C4BD0526FF2F83115F10FBC4 /* Pods-Lores_Example_iOS.debug.xcconfig */;
			buildSettings = {
				ASSETCATALOG_COMPILER_APPICON_NAME = AppIcon;
				INFOPLIST_FILE = "$(SRCROOT)/Lores-iOS/Info.plist";
				IPHONEOS_DEPLOYMENT_TARGET = 11.3;
				LD_RUNPATH_SEARCH_PATHS = "$(inherited) @executable_path/Frameworks";
				MODULE_NAME = ExampleApp;
				PRODUCT_BUNDLE_IDENTIFIER = "org.cocoapods.demo.$(PRODUCT_NAME:rfc1034identifier)";
				PRODUCT_NAME = "$(TARGET_NAME)";
				SWIFT_SWIFT3_OBJC_INFERENCE = Default;
				SWIFT_VERSION = 4.0;
				TARGETED_DEVICE_FAMILY = "1,2";
			};
			name = Debug;
		};
		607FACF11AFB9204008FA782 /* Release */ = {
			isa = XCBuildConfiguration;
			baseConfigurationReference = D7FE1A0474E4098F649F3394 /* Pods-Lores_Example_iOS.release.xcconfig */;
			buildSettings = {
				ASSETCATALOG_COMPILER_APPICON_NAME = AppIcon;
				INFOPLIST_FILE = "$(SRCROOT)/Lores-iOS/Info.plist";
				IPHONEOS_DEPLOYMENT_TARGET = 11.3;
				LD_RUNPATH_SEARCH_PATHS = "$(inherited) @executable_path/Frameworks";
				MODULE_NAME = ExampleApp;
				PRODUCT_BUNDLE_IDENTIFIER = "org.cocoapods.demo.$(PRODUCT_NAME:rfc1034identifier)";
				PRODUCT_NAME = "$(TARGET_NAME)";
				SWIFT_SWIFT3_OBJC_INFERENCE = Default;
				SWIFT_VERSION = 4.0;
				TARGETED_DEVICE_FAMILY = "1,2";
			};
			name = Release;
		};
		79119C7C207852EA009098FD /* Debug */ = {
			isa = XCBuildConfiguration;
			baseConfigurationReference = 63F03C4FB44CDCA15B8F2BF1 /* Pods-Lores_Example_tvOS.debug.xcconfig */;
			buildSettings = {
				ASSETCATALOG_COMPILER_APPICON_NAME = "App Icon & Top Shelf Image";
				ASSETCATALOG_COMPILER_LAUNCHIMAGE_NAME = LaunchImage;
				CLANG_ANALYZER_NONNULL = YES;
				CLANG_ANALYZER_NUMBER_OBJECT_CONVERSION = YES_AGGRESSIVE;
				CLANG_CXX_LANGUAGE_STANDARD = "gnu++14";
				CLANG_ENABLE_OBJC_WEAK = YES;
				CLANG_WARN_DOCUMENTATION_COMMENTS = YES;
				CLANG_WARN_UNGUARDED_AVAILABILITY = YES_AGGRESSIVE;
				CODE_SIGN_IDENTITY = "iPhone Developer";
				CODE_SIGN_STYLE = Automatic;
				DEBUG_INFORMATION_FORMAT = dwarf;
				DEVELOPMENT_TEAM = "";
				GCC_C_LANGUAGE_STANDARD = gnu11;
				INFOPLIST_FILE = Lores_Example_tvOS/Info.plist;
				LD_RUNPATH_SEARCH_PATHS = "$(inherited) @executable_path/Frameworks";
				PRODUCT_BUNDLE_IDENTIFIER = "com.arciem.Lores-Example-tvOS";
				PRODUCT_NAME = "$(TARGET_NAME)";
				PROVISIONING_PROFILE_SPECIFIER = "";
				SDKROOT = appletvos;
				SWIFT_ACTIVE_COMPILATION_CONDITIONS = DEBUG;
				SWIFT_VERSION = 4.0;
				TARGETED_DEVICE_FAMILY = 3;
				TVOS_DEPLOYMENT_TARGET = 11.3;
			};
			name = Debug;
		};
		79119C7D207852EA009098FD /* Release */ = {
			isa = XCBuildConfiguration;
			baseConfigurationReference = 488312164FB9DDD5BA9CA7C7 /* Pods-Lores_Example_tvOS.release.xcconfig */;
			buildSettings = {
				ASSETCATALOG_COMPILER_APPICON_NAME = "App Icon & Top Shelf Image";
				ASSETCATALOG_COMPILER_LAUNCHIMAGE_NAME = LaunchImage;
				CLANG_ANALYZER_NONNULL = YES;
				CLANG_ANALYZER_NUMBER_OBJECT_CONVERSION = YES_AGGRESSIVE;
				CLANG_CXX_LANGUAGE_STANDARD = "gnu++14";
				CLANG_ENABLE_OBJC_WEAK = YES;
				CLANG_WARN_DOCUMENTATION_COMMENTS = YES;
				CLANG_WARN_UNGUARDED_AVAILABILITY = YES_AGGRESSIVE;
				CODE_SIGN_IDENTITY = "iPhone Developer";
				CODE_SIGN_STYLE = Automatic;
				DEVELOPMENT_TEAM = "";
				GCC_C_LANGUAGE_STANDARD = gnu11;
				INFOPLIST_FILE = Lores_Example_tvOS/Info.plist;
				LD_RUNPATH_SEARCH_PATHS = "$(inherited) @executable_path/Frameworks";
				PRODUCT_BUNDLE_IDENTIFIER = "com.arciem.Lores-Example-tvOS";
				PRODUCT_NAME = "$(TARGET_NAME)";
				PROVISIONING_PROFILE_SPECIFIER = "";
				SDKROOT = appletvos;
				SWIFT_VERSION = 4.0;
				TARGETED_DEVICE_FAMILY = 3;
				TVOS_DEPLOYMENT_TARGET = 11.3;
			};
			name = Release;
		};
/* End XCBuildConfiguration section */

/* Begin XCConfigurationList section */
		03B9E15520747F7600814E29 /* Build configuration list for PBXNativeTarget "Lores_Example_macOS" */ = {
			isa = XCConfigurationList;
			buildConfigurations = (
				03B9E15320747F7600814E29 /* Debug */,
				03B9E15420747F7600814E29 /* Release */,
			);
			defaultConfigurationIsVisible = 0;
			defaultConfigurationName = Release;
		};
		607FACCB1AFB9204008FA782 /* Build configuration list for PBXProject "Lores" */ = {
			isa = XCConfigurationList;
			buildConfigurations = (
				607FACED1AFB9204008FA782 /* Debug */,
				607FACEE1AFB9204008FA782 /* Release */,
			);
			defaultConfigurationIsVisible = 0;
			defaultConfigurationName = Release;
		};
		607FACEF1AFB9204008FA782 /* Build configuration list for PBXNativeTarget "Lores_Example_iOS" */ = {
			isa = XCConfigurationList;
			buildConfigurations = (
				607FACF01AFB9204008FA782 /* Debug */,
				607FACF11AFB9204008FA782 /* Release */,
			);
			defaultConfigurationIsVisible = 0;
			defaultConfigurationName = Release;
		};
		79119C7E207852EA009098FD /* Build configuration list for PBXNativeTarget "Lores_Example_tvOS" */ = {
			isa = XCConfigurationList;
			buildConfigurations = (
				79119C7C207852EA009098FD /* Debug */,
				79119C7D207852EA009098FD /* Release */,
			);
			defaultConfigurationIsVisible = 0;
			defaultConfigurationName = Release;
		};
/* End XCConfigurationList section */
	};
	rootObject = 607FACC81AFB9204008FA782 /* Project object */;
}
